// !$*UTF8*$!
{
	archiveVersion = 1;
	classes = {
	};
	objectVersion = 50;
	objects = {

/* Begin PBXBuildFile section */
		C1969613251947E30077BDE8 /* User.swift in Sources */ = {isa = PBXBuildFile; fileRef = C1969612251947E30077BDE8 /* User.swift */; };
		C196961525194A320077BDE8 /* Roboto-Regular.ttf in Resources */ = {isa = PBXBuildFile; fileRef = C196961425194A320077BDE8 /* Roboto-Regular.ttf */; };
		C196961C2519CA970077BDE8 /* AlertService.swift in Sources */ = {isa = PBXBuildFile; fileRef = C196961B2519CA970077BDE8 /* AlertService.swift */; };
		C1CD1DB6250C02CC00568705 /* AppDelegate.swift in Sources */ = {isa = PBXBuildFile; fileRef = C1CD1DB5250C02CC00568705 /* AppDelegate.swift */; };
		C1CD1DBA250C02CC00568705 /* ViewController.swift in Sources */ = {isa = PBXBuildFile; fileRef = C1CD1DB9250C02CC00568705 /* ViewController.swift */; };
		C1CD1DBD250C02CC00568705 /* Main.storyboard in Resources */ = {isa = PBXBuildFile; fileRef = C1CD1DBB250C02CC00568705 /* Main.storyboard */; };
		C1CD1DBF250C02CF00568705 /* Assets.xcassets in Resources */ = {isa = PBXBuildFile; fileRef = C1CD1DBE250C02CF00568705 /* Assets.xcassets */; };
		C1CD1DC2250C02CF00568705 /* LaunchScreen.storyboard in Resources */ = {isa = PBXBuildFile; fileRef = C1CD1DC0250C02CF00568705 /* LaunchScreen.storyboard */; };
/* End PBXBuildFile section */

/* Begin PBXFileReference section */
		C1969612251947E30077BDE8 /* User.swift */ = {isa = PBXFileReference; lastKnownFileType = sourcecode.swift; path = User.swift; sourceTree = "<group>"; };
		C196961425194A320077BDE8 /* Roboto-Regular.ttf */ = {isa = PBXFileReference; lastKnownFileType = file; path = "Roboto-Regular.ttf"; sourceTree = "<group>"; };
		C196961B2519CA970077BDE8 /* AlertService.swift */ = {isa = PBXFileReference; lastKnownFileType = sourcecode.swift; path = AlertService.swift; sourceTree = "<group>"; };
		C1CD1DB2250C02CC00568705 /* TinkoffFintech.app */ = {isa = PBXFileReference; explicitFileType = wrapper.application; includeInIndex = 0; path = TinkoffFintech.app; sourceTree = BUILT_PRODUCTS_DIR; };
		C1CD1DB5250C02CC00568705 /* AppDelegate.swift */ = {isa = PBXFileReference; lastKnownFileType = sourcecode.swift; path = AppDelegate.swift; sourceTree = "<group>"; };
		C1CD1DB9250C02CC00568705 /* ViewController.swift */ = {isa = PBXFileReference; lastKnownFileType = sourcecode.swift; path = ViewController.swift; sourceTree = "<group>"; };
		C1CD1DBC250C02CC00568705 /* Base */ = {isa = PBXFileReference; lastKnownFileType = file.storyboard; name = Base; path = Base.lproj/Main.storyboard; sourceTree = "<group>"; };
		C1CD1DBE250C02CF00568705 /* Assets.xcassets */ = {isa = PBXFileReference; lastKnownFileType = folder.assetcatalog; path = Assets.xcassets; sourceTree = "<group>"; };
		C1CD1DC1250C02CF00568705 /* Base */ = {isa = PBXFileReference; lastKnownFileType = file.storyboard; name = Base; path = Base.lproj/LaunchScreen.storyboard; sourceTree = "<group>"; };
		C1CD1DC3250C02CF00568705 /* Info.plist */ = {isa = PBXFileReference; lastKnownFileType = text.plist.xml; path = Info.plist; sourceTree = "<group>"; };
/* End PBXFileReference section */

/* Begin PBXFrameworksBuildPhase section */
		C1CD1DAF250C02CC00568705 /* Frameworks */ = {
			isa = PBXFrameworksBuildPhase;
			buildActionMask = 2147483647;
			files = (
			);
			runOnlyForDeploymentPostprocessing = 0;
		};
/* End PBXFrameworksBuildPhase section */

/* Begin PBXGroup section */
		C196961625194F050077BDE8 /* Resources */ = {
			isa = PBXGroup;
			children = (
				C196961425194A320077BDE8 /* Roboto-Regular.ttf */,
				C1CD1DBE250C02CF00568705 /* Assets.xcassets */,
				C1CD1DC3250C02CF00568705 /* Info.plist */,
			);
			path = Resources;
			sourceTree = "<group>";
		};
		C19696172519CA320077BDE8 /* Controller */ = {
			isa = PBXGroup;
			children = (
				C1CD1DB5250C02CC00568705 /* AppDelegate.swift */,
				C1CD1DB9250C02CC00568705 /* ViewController.swift */,
			);
			path = Controller;
			sourceTree = "<group>";
		};
		C19696182519CA3D0077BDE8 /* View */ = {
			isa = PBXGroup;
			children = (
				C1CD1DBB250C02CC00568705 /* Main.storyboard */,
				C1CD1DC0250C02CF00568705 /* LaunchScreen.storyboard */,
			);
			path = View;
			sourceTree = "<group>";
		};
		C19696192519CA450077BDE8 /* Model */ = {
			isa = PBXGroup;
			children = (
				C1969612251947E30077BDE8 /* User.swift */,
			);
			path = Model;
			sourceTree = "<group>";
		};
		C196961A2519CA810077BDE8 /* Services */ = {
			isa = PBXGroup;
			children = (
				C196961B2519CA970077BDE8 /* AlertService.swift */,
			);
			path = Services;
			sourceTree = "<group>";
		};
		C1CD1DA9250C02CC00568705 = {
			isa = PBXGroup;
			children = (
				C1CD1DB4250C02CC00568705 /* TinkoffFintech */,
				C1CD1DB3250C02CC00568705 /* Products */,
			);
			sourceTree = "<group>";
		};
		C1CD1DB3250C02CC00568705 /* Products */ = {
			isa = PBXGroup;
			children = (
				C1CD1DB2250C02CC00568705 /* TinkoffFintech.app */,
			);
			name = Products;
			sourceTree = "<group>";
		};
		C1CD1DB4250C02CC00568705 /* TinkoffFintech */ = {
			isa = PBXGroup;
			children = (
				C19696192519CA450077BDE8 /* Model */,
				C19696182519CA3D0077BDE8 /* View */,
				C19696172519CA320077BDE8 /* Controller */,
				C196961A2519CA810077BDE8 /* Services */,
				C196961625194F050077BDE8 /* Resources */,
			);
			path = TinkoffFintech;
			sourceTree = "<group>";
		};
/* End PBXGroup section */

/* Begin PBXNativeTarget section */
		C1CD1DB1250C02CC00568705 /* TinkoffFintech */ = {
			isa = PBXNativeTarget;
			buildConfigurationList = C1CD1DC6250C02CF00568705 /* Build configuration list for PBXNativeTarget "TinkoffFintech" */;
			buildPhases = (
				C1CD1DAE250C02CC00568705 /* Sources */,
				C1CD1DAF250C02CC00568705 /* Frameworks */,
				C1CD1DB0250C02CC00568705 /* Resources */,
			);
			buildRules = (
			);
			dependencies = (
			);
			name = TinkoffFintech;
			productName = TinkoffFintech;
			productReference = C1CD1DB2250C02CC00568705 /* TinkoffFintech.app */;
			productType = "com.apple.product-type.application";
		};
/* End PBXNativeTarget section */

/* Begin PBXProject section */
		C1CD1DAA250C02CC00568705 /* Project object */ = {
			isa = PBXProject;
			attributes = {
				LastSwiftUpdateCheck = 1170;
				LastUpgradeCheck = 1170;
				ORGANIZATIONNAME = "Anna Vondrukhova";
				TargetAttributes = {
					C1CD1DB1250C02CC00568705 = {
						CreatedOnToolsVersion = 11.7;
					};
				};
			};
			buildConfigurationList = C1CD1DAD250C02CC00568705 /* Build configuration list for PBXProject "TinkoffFintech" */;
			compatibilityVersion = "Xcode 9.3";
			developmentRegion = en;
			hasScannedForEncodings = 0;
			knownRegions = (
				en,
				Base,
			);
			mainGroup = C1CD1DA9250C02CC00568705;
			productRefGroup = C1CD1DB3250C02CC00568705 /* Products */;
			projectDirPath = "";
			projectRoot = "";
			targets = (
				C1CD1DB1250C02CC00568705 /* TinkoffFintech */,
			);
		};
/* End PBXProject section */

/* Begin PBXResourcesBuildPhase section */
		C1CD1DB0250C02CC00568705 /* Resources */ = {
			isa = PBXResourcesBuildPhase;
			buildActionMask = 2147483647;
			files = (
				C1CD1DC2250C02CF00568705 /* LaunchScreen.storyboard in Resources */,
				C1CD1DBF250C02CF00568705 /* Assets.xcassets in Resources */,
				C196961525194A320077BDE8 /* Roboto-Regular.ttf in Resources */,
				C1CD1DBD250C02CC00568705 /* Main.storyboard in Resources */,
			);
			runOnlyForDeploymentPostprocessing = 0;
		};
/* End PBXResourcesBuildPhase section */

/* Begin PBXSourcesBuildPhase section */
		C1CD1DAE250C02CC00568705 /* Sources */ = {
			isa = PBXSourcesBuildPhase;
			buildActionMask = 2147483647;
			files = (
				C1CD1DBA250C02CC00568705 /* ViewController.swift in Sources */,
				C1CD1DB6250C02CC00568705 /* AppDelegate.swift in Sources */,
				C196961C2519CA970077BDE8 /* AlertService.swift in Sources */,
				C1969613251947E30077BDE8 /* User.swift in Sources */,
			);
			runOnlyForDeploymentPostprocessing = 0;
		};
/* End PBXSourcesBuildPhase section */

/* Begin PBXVariantGroup section */
		C1CD1DBB250C02CC00568705 /* Main.storyboard */ = {
			isa = PBXVariantGroup;
			children = (
				C1CD1DBC250C02CC00568705 /* Base */,
			);
			name = Main.storyboard;
			sourceTree = "<group>";
		};
		C1CD1DC0250C02CF00568705 /* LaunchScreen.storyboard */ = {
			isa = PBXVariantGroup;
			children = (
				C1CD1DC1250C02CF00568705 /* Base */,
			);
			name = LaunchScreen.storyboard;
			sourceTree = "<group>";
		};
/* End PBXVariantGroup section */

/* Begin XCBuildConfiguration section */
		C1CD1DC4250C02CF00568705 /* Debug */ = {
			isa = XCBuildConfiguration;
			buildSettings = {
				ALWAYS_SEARCH_USER_PATHS = NO;
				CLANG_ANALYZER_NONNULL = YES;
				CLANG_ANALYZER_NUMBER_OBJECT_CONVERSION = YES_AGGRESSIVE;
				CLANG_CXX_LANGUAGE_STANDARD = "gnu++14";
				CLANG_CXX_LIBRARY = "libc++";
				CLANG_ENABLE_MODULES = YES;
				CLANG_ENABLE_OBJC_ARC = YES;
				CLANG_ENABLE_OBJC_WEAK = YES;
				CLANG_WARN_BLOCK_CAPTURE_AUTORELEASING = YES;
				CLANG_WARN_BOOL_CONVERSION = YES;
				CLANG_WARN_COMMA = YES;
				CLANG_WARN_CONSTANT_CONVERSION = YES;
				CLANG_WARN_DEPRECATED_OBJC_IMPLEMENTATIONS = YES;
				CLANG_WARN_DIRECT_OBJC_ISA_USAGE = YES_ERROR;
				CLANG_WARN_DOCUMENTATION_COMMENTS = YES;
				CLANG_WARN_EMPTY_BODY = YES;
				CLANG_WARN_ENUM_CONVERSION = YES;
				CLANG_WARN_INFINITE_RECURSION = YES;
				CLANG_WARN_INT_CONVERSION = YES;
				CLANG_WARN_NON_LITERAL_NULL_CONVERSION = YES;
				CLANG_WARN_OBJC_IMPLICIT_RETAIN_SELF = YES;
				CLANG_WARN_OBJC_LITERAL_CONVERSION = YES;
				CLANG_WARN_OBJC_ROOT_CLASS = YES_ERROR;
				CLANG_WARN_RANGE_LOOP_ANALYSIS = YES;
				CLANG_WARN_STRICT_PROTOTYPES = YES;
				CLANG_WARN_SUSPICIOUS_MOVE = YES;
				CLANG_WARN_UNGUARDED_AVAILABILITY = YES_AGGRESSIVE;
				CLANG_WARN_UNREACHABLE_CODE = YES;
				CLANG_WARN__DUPLICATE_METHOD_MATCH = YES;
				COPY_PHASE_STRIP = NO;
				DEBUG_INFORMATION_FORMAT = dwarf;
				ENABLE_STRICT_OBJC_MSGSEND = YES;
				ENABLE_TESTABILITY = YES;
				GCC_C_LANGUAGE_STANDARD = gnu11;
				GCC_DYNAMIC_NO_PIC = NO;
				GCC_NO_COMMON_BLOCKS = YES;
				GCC_OPTIMIZATION_LEVEL = 0;
				GCC_PREPROCESSOR_DEFINITIONS = (
					"DEBUG=1",
					"$(inherited)",
				);
				GCC_WARN_64_TO_32_BIT_CONVERSION = YES;
				GCC_WARN_ABOUT_RETURN_TYPE = YES_ERROR;
				GCC_WARN_UNDECLARED_SELECTOR = YES;
				GCC_WARN_UNINITIALIZED_AUTOS = YES_AGGRESSIVE;
				GCC_WARN_UNUSED_FUNCTION = YES;
				GCC_WARN_UNUSED_VARIABLE = YES;
				IPHONEOS_DEPLOYMENT_TARGET = 12.0;
				MTL_ENABLE_DEBUG_INFO = INCLUDE_SOURCE;
				MTL_FAST_MATH = YES;
				ONLY_ACTIVE_ARCH = YES;
				SDKROOT = iphoneos;
				SWIFT_ACTIVE_COMPILATION_CONDITIONS = DEBUG;
				SWIFT_OPTIMIZATION_LEVEL = "-Onone";
			};
			name = Debug;
		};
		C1CD1DC5250C02CF00568705 /* Release */ = {
			isa = XCBuildConfiguration;
			buildSettings = {
				ALWAYS_SEARCH_USER_PATHS = NO;
				CLANG_ANALYZER_NONNULL = YES;
				CLANG_ANALYZER_NUMBER_OBJECT_CONVERSION = YES_AGGRESSIVE;
				CLANG_CXX_LANGUAGE_STANDARD = "gnu++14";
				CLANG_CXX_LIBRARY = "libc++";
				CLANG_ENABLE_MODULES = YES;
				CLANG_ENABLE_OBJC_ARC = YES;
				CLANG_ENABLE_OBJC_WEAK = YES;
				CLANG_WARN_BLOCK_CAPTURE_AUTORELEASING = YES;
				CLANG_WARN_BOOL_CONVERSION = YES;
				CLANG_WARN_COMMA = YES;
				CLANG_WARN_CONSTANT_CONVERSION = YES;
				CLANG_WARN_DEPRECATED_OBJC_IMPLEMENTATIONS = YES;
				CLANG_WARN_DIRECT_OBJC_ISA_USAGE = YES_ERROR;
				CLANG_WARN_DOCUMENTATION_COMMENTS = YES;
				CLANG_WARN_EMPTY_BODY = YES;
				CLANG_WARN_ENUM_CONVERSION = YES;
				CLANG_WARN_INFINITE_RECURSION = YES;
				CLANG_WARN_INT_CONVERSION = YES;
				CLANG_WARN_NON_LITERAL_NULL_CONVERSION = YES;
				CLANG_WARN_OBJC_IMPLICIT_RETAIN_SELF = YES;
				CLANG_WARN_OBJC_LITERAL_CONVERSION = YES;
				CLANG_WARN_OBJC_ROOT_CLASS = YES_ERROR;
				CLANG_WARN_RANGE_LOOP_ANALYSIS = YES;
				CLANG_WARN_STRICT_PROTOTYPES = YES;
				CLANG_WARN_SUSPICIOUS_MOVE = YES;
				CLANG_WARN_UNGUARDED_AVAILABILITY = YES_AGGRESSIVE;
				CLANG_WARN_UNREACHABLE_CODE = YES;
				CLANG_WARN__DUPLICATE_METHOD_MATCH = YES;
				COPY_PHASE_STRIP = NO;
				DEBUG_INFORMATION_FORMAT = "dwarf-with-dsym";
				ENABLE_NS_ASSERTIONS = NO;
				ENABLE_STRICT_OBJC_MSGSEND = YES;
				GCC_C_LANGUAGE_STANDARD = gnu11;
				GCC_NO_COMMON_BLOCKS = YES;
				GCC_WARN_64_TO_32_BIT_CONVERSION = YES;
				GCC_WARN_ABOUT_RETURN_TYPE = YES_ERROR;
				GCC_WARN_UNDECLARED_SELECTOR = YES;
				GCC_WARN_UNINITIALIZED_AUTOS = YES_AGGRESSIVE;
				GCC_WARN_UNUSED_FUNCTION = YES;
				GCC_WARN_UNUSED_VARIABLE = YES;
				IPHONEOS_DEPLOYMENT_TARGET = 12.0;
				MTL_ENABLE_DEBUG_INFO = NO;
				MTL_FAST_MATH = YES;
				SDKROOT = iphoneos;
				SWIFT_COMPILATION_MODE = wholemodule;
				SWIFT_OPTIMIZATION_LEVEL = "-O";
				VALIDATE_PRODUCT = YES;
			};
			name = Release;
		};
		C1CD1DC7250C02CF00568705 /* Debug */ = {
			isa = XCBuildConfiguration;
			buildSettings = {
				ASSETCATALOG_COMPILER_APPICON_NAME = AppIcon;
				CODE_SIGN_STYLE = Automatic;
				DEVELOPMENT_TEAM = LV8EDW43XJ;
				INFOPLIST_FILE = TinkoffFintech/Resources/Info.plist;
				LD_RUNPATH_SEARCH_PATHS = (
					"$(inherited)",
					"@executable_path/Frameworks",
				);
				PRODUCT_BUNDLE_IDENTIFIER = anna.vondrukhova.TinkoffFintech;
				PRODUCT_NAME = "$(TARGET_NAME)";
				SWIFT_VERSION = 5.0;
				TARGETED_DEVICE_FAMILY = 1;
			};
			name = Debug;
		};
		C1CD1DC8250C02CF00568705 /* Release */ = {
			isa = XCBuildConfiguration;
			buildSettings = {
				ASSETCATALOG_COMPILER_APPICON_NAME = AppIcon;
				CODE_SIGN_STYLE = Automatic;
				DEVELOPMENT_TEAM = LV8EDW43XJ;
				INFOPLIST_FILE = TinkoffFintech/Resources/Info.plist;
				LD_RUNPATH_SEARCH_PATHS = (
					"$(inherited)",
					"@executable_path/Frameworks",
				);
				PRODUCT_BUNDLE_IDENTIFIER = anna.vondrukhova.TinkoffFintech;
				PRODUCT_NAME = "$(TARGET_NAME)";
				SWIFT_VERSION = 5.0;
				TARGETED_DEVICE_FAMILY = 1;
			};
			name = Release;
		};
/* End XCBuildConfiguration section */

/* Begin XCConfigurationList section */
		C1CD1DAD250C02CC00568705 /* Build configuration list for PBXProject "TinkoffFintech" */ = {
			isa = XCConfigurationList;
			buildConfigurations = (
				C1CD1DC4250C02CF00568705 /* Debug */,
				C1CD1DC5250C02CF00568705 /* Release */,
			);
			defaultConfigurationIsVisible = 0;
			defaultConfigurationName = Release;
		};
		C1CD1DC6250C02CF00568705 /* Build configuration list for PBXNativeTarget "TinkoffFintech" */ = {
			isa = XCConfigurationList;
			buildConfigurations = (
				C1CD1DC7250C02CF00568705 /* Debug */,
				C1CD1DC8250C02CF00568705 /* Release */,
			);
			defaultConfigurationIsVisible = 0;
			defaultConfigurationName = Release;
		};
/* End XCConfigurationList section */
	};
	rootObject = C1CD1DAA250C02CC00568705 /* Project object */;
}
