// !$*UTF8*$!
{
	archiveVersion = 1;
	classes = {
	};
	objectVersion = 51;
	objects = {

/* Begin PBXBuildFile section */
		C178CD83252270C80007CB77 /* ConversationViewController.swift in Sources */ = {isa = PBXBuildFile; fileRef = C178CD82252270C80007CB77 /* ConversationViewController.swift */; };
		C178CD8725227A720007CB77 /* SentMessageCell.swift in Sources */ = {isa = PBXBuildFile; fileRef = C178CD8625227A720007CB77 /* SentMessageCell.swift */; };
		C178CD8925227A990007CB77 /* ReceivedMessageCell.swift in Sources */ = {isa = PBXBuildFile; fileRef = C178CD8825227A990007CB77 /* ReceivedMessageCell.swift */; };
		C180993B2548B91E00EB58BA /* MessageDB+CoreDataClass.swift in Sources */ = {isa = PBXBuildFile; fileRef = C18099392548B91E00EB58BA /* MessageDB+CoreDataClass.swift */; };
		C180993C2548B91E00EB58BA /* MessageDB+CoreDataProperties.swift in Sources */ = {isa = PBXBuildFile; fileRef = C180993A2548B91E00EB58BA /* MessageDB+CoreDataProperties.swift */; };
		C180993F2548B94700EB58BA /* ChannelDB+CoreDataClass.swift in Sources */ = {isa = PBXBuildFile; fileRef = C180993D2548B94700EB58BA /* ChannelDB+CoreDataClass.swift */; };
		C18099402548B94700EB58BA /* ChannelDB+CoreDataProperties.swift in Sources */ = {isa = PBXBuildFile; fileRef = C180993E2548B94700EB58BA /* ChannelDB+CoreDataProperties.swift */; };
		C180996E2559257C00EB58BA /* RootAssembly.swift in Sources */ = {isa = PBXBuildFile; fileRef = C180996D2559257C00EB58BA /* RootAssembly.swift */; };
		C18099752559265B00EB58BA /* PresentationAssembly.swift in Sources */ = {isa = PBXBuildFile; fileRef = C18099742559265B00EB58BA /* PresentationAssembly.swift */; };
		C180997C2559780000EB58BA /* CoreAssembly.swift in Sources */ = {isa = PBXBuildFile; fileRef = C180997B2559780000EB58BA /* CoreAssembly.swift */; };
		C180998025597C5300EB58BA /* ServiceAssembly.swift in Sources */ = {isa = PBXBuildFile; fileRef = C180997F25597C5300EB58BA /* ServiceAssembly.swift */; };
		C1809982255981E700EB58BA /* ChannelsService.swift in Sources */ = {isa = PBXBuildFile; fileRef = C1809981255981E700EB58BA /* ChannelsService.swift */; };
		C1809985255A9D6E00EB58BA /* SaveToFileManager.swift in Sources */ = {isa = PBXBuildFile; fileRef = C1809984255A9D6E00EB58BA /* SaveToFileManager.swift */; };
		C1809989255AC8FB00EB58BA /* MessagesService.swift in Sources */ = {isa = PBXBuildFile; fileRef = C1809988255AC8FB00EB58BA /* MessagesService.swift */; };
		C180998B255AE3B500EB58BA /* HelperFunctions.swift in Sources */ = {isa = PBXBuildFile; fileRef = C180998A255AE3B500EB58BA /* HelperFunctions.swift */; };
		C1809991255AE79500EB58BA /* FetchManager.swift in Sources */ = {isa = PBXBuildFile; fileRef = C1809990255AE79500EB58BA /* FetchManager.swift */; };
		C1809994255B1E9100EB58BA /* ViewController+Navigation.swift in Sources */ = {isa = PBXBuildFile; fileRef = C1809993255B1E9100EB58BA /* ViewController+Navigation.swift */; };
		C1809998255B374800EB58BA /* ConversationList.xib in Resources */ = {isa = PBXBuildFile; fileRef = C1809997255B374800EB58BA /* ConversationList.xib */; };
		C180999A255BCC5900EB58BA /* Profile.xib in Resources */ = {isa = PBXBuildFile; fileRef = C1809999255BCC5900EB58BA /* Profile.xib */; };
		C180999C255BCE6900EB58BA /* Themes.xib in Resources */ = {isa = PBXBuildFile; fileRef = C180999B255BCE6900EB58BA /* Themes.xib */; };
		C180999E255BE8D500EB58BA /* ConversationView.swift in Sources */ = {isa = PBXBuildFile; fileRef = C180999D255BE8D500EB58BA /* ConversationView.swift */; };
		C18099A0255BEA9800EB58BA /* Conversation.xib in Resources */ = {isa = PBXBuildFile; fileRef = C180999F255BEA9800EB58BA /* Conversation.xib */; };
		C18099A4255BF48A00EB58BA /* ProfileView.swift in Sources */ = {isa = PBXBuildFile; fileRef = C18099A3255BF48A00EB58BA /* ProfileView.swift */; };
		C18099A6255C0B2A00EB58BA /* ChannelsDataProvider.swift in Sources */ = {isa = PBXBuildFile; fileRef = C18099A5255C0B2A00EB58BA /* ChannelsDataProvider.swift */; };
		C18099A9255C102A00EB58BA /* ChannelsFetchedResultsService.swift in Sources */ = {isa = PBXBuildFile; fileRef = C18099A8255C102A00EB58BA /* ChannelsFetchedResultsService.swift */; };
		C18099AD255D1C8800EB58BA /* MessageDataProvider.swift in Sources */ = {isa = PBXBuildFile; fileRef = C18099AC255D1C8800EB58BA /* MessageDataProvider.swift */; };
		C18099AF255D1DE400EB58BA /* MessagesFetchedResultsService.swift in Sources */ = {isa = PBXBuildFile; fileRef = C18099AE255D1DE400EB58BA /* MessagesFetchedResultsService.swift */; };
		C1969613251947E30077BDE8 /* User.swift in Sources */ = {isa = PBXBuildFile; fileRef = C1969612251947E30077BDE8 /* User.swift */; };
		C196961C2519CA970077BDE8 /* AlertService.swift in Sources */ = {isa = PBXBuildFile; fileRef = C196961B2519CA970077BDE8 /* AlertService.swift */; };
		C19696A9251FDC6E0077BDE8 /* ConversationListViewController.swift in Sources */ = {isa = PBXBuildFile; fileRef = C19696A8251FDC6E0077BDE8 /* ConversationListViewController.swift */; };
		C19696B1252068650077BDE8 /* ConversationCell.swift in Sources */ = {isa = PBXBuildFile; fileRef = C19696B0252068650077BDE8 /* ConversationCell.swift */; };
		C19696B4252069A30077BDE8 /* AvatarView.swift in Sources */ = {isa = PBXBuildFile; fileRef = C19696B3252069A30077BDE8 /* AvatarView.swift */; };
		C19A384425232D7600642E58 /* Constants.swift in Sources */ = {isa = PBXBuildFile; fileRef = C19A384325232D7600642E58 /* Constants.swift */; };
		C19A384C252736A600642E58 /* ThemesViewController.swift in Sources */ = {isa = PBXBuildFile; fileRef = C19A384B252736A600642E58 /* ThemesViewController.swift */; };
		C19A384F252737B700642E58 /* Colors.swift in Sources */ = {isa = PBXBuildFile; fileRef = C19A384E252737B700642E58 /* Colors.swift */; };
		C19A3852252738E200642E58 /* ThemeService.swift in Sources */ = {isa = PBXBuildFile; fileRef = C19A3851252738E200642E58 /* ThemeService.swift */; };
		C1CD1DB6250C02CC00568705 /* AppDelegate.swift in Sources */ = {isa = PBXBuildFile; fileRef = C1CD1DB5250C02CC00568705 /* AppDelegate.swift */; };
		C1CD1DBA250C02CC00568705 /* ProfileViewController.swift in Sources */ = {isa = PBXBuildFile; fileRef = C1CD1DB9250C02CC00568705 /* ProfileViewController.swift */; };
		C1CD1DBF250C02CF00568705 /* Assets.xcassets in Resources */ = {isa = PBXBuildFile; fileRef = C1CD1DBE250C02CF00568705 /* Assets.xcassets */; };
		C1CD1DC2250C02CF00568705 /* LaunchScreen.storyboard in Resources */ = {isa = PBXBuildFile; fileRef = C1CD1DC0250C02CF00568705 /* LaunchScreen.storyboard */; };
		C1FA159D252C644300CE86E7 /* MessageCellModel.swift in Sources */ = {isa = PBXBuildFile; fileRef = C1FA159C252C644300CE86E7 /* MessageCellModel.swift */; };
		C1FA159F252C649600CE86E7 /* ConversationCellModel.swift in Sources */ = {isa = PBXBuildFile; fileRef = C1FA159E252C649600CE86E7 /* ConversationCellModel.swift */; };
		C1FA15A42533201500CE86E7 /* GCDFileService.swift in Sources */ = {isa = PBXBuildFile; fileRef = C1FA15A32533201500CE86E7 /* GCDFileService.swift */; };
		C1FA15A62535B87D00CE86E7 /* OperationFileService.swift in Sources */ = {isa = PBXBuildFile; fileRef = C1FA15A52535B87D00CE86E7 /* OperationFileService.swift */; };
		C1FA15A825375C0900CE86E7 /* SaveOperation.swift in Sources */ = {isa = PBXBuildFile; fileRef = C1FA15A725375C0900CE86E7 /* SaveOperation.swift */; };
		C1FA15AA2537628300CE86E7 /* LoadOperation.swift in Sources */ = {isa = PBXBuildFile; fileRef = C1FA15A92537628300CE86E7 /* LoadOperation.swift */; };
		C1FA15CF2539C15D00CE86E7 /* GoogleService-Info.plist in Resources */ = {isa = PBXBuildFile; fileRef = C1FA15CE2539C15D00CE86E7 /* GoogleService-Info.plist */; };
		C1FA15D12539C32100CE86E7 /* FirebaseManager.swift in Sources */ = {isa = PBXBuildFile; fileRef = C1FA15D02539C32100CE86E7 /* FirebaseManager.swift */; };
		C1FA15D3253B151F00CE86E7 /* CustomTextField.swift in Sources */ = {isa = PBXBuildFile; fileRef = C1FA15D2253B151F00CE86E7 /* CustomTextField.swift */; };
		C1FA15DD25486A1400CE86E7 /* Chat.xcdatamodeld in Sources */ = {isa = PBXBuildFile; fileRef = C1FA15DB25486A1400CE86E7 /* Chat.xcdatamodeld */; };
		C1FA15DF25486BE700CE86E7 /* CoreDataManager.swift in Sources */ = {isa = PBXBuildFile; fileRef = C1FA15DE25486BE700CE86E7 /* CoreDataManager.swift */; };
		F3958D301D7ACA676178EA57 /* Pods_TinkoffFintech.framework in Frameworks */ = {isa = PBXBuildFile; fileRef = C549AE28D92C62E82590EA63 /* Pods_TinkoffFintech.framework */; };
/* End PBXBuildFile section */

/* Begin PBXFileReference section */
		8DCB0DA080AFCAC6803886B7 /* Pods-TinkoffFintech.debug.xcconfig */ = {isa = PBXFileReference; includeInIndex = 1; lastKnownFileType = text.xcconfig; name = "Pods-TinkoffFintech.debug.xcconfig"; path = "Target Support Files/Pods-TinkoffFintech/Pods-TinkoffFintech.debug.xcconfig"; sourceTree = "<group>"; };
		C178CD82252270C80007CB77 /* ConversationViewController.swift */ = {isa = PBXFileReference; lastKnownFileType = sourcecode.swift; path = ConversationViewController.swift; sourceTree = "<group>"; };
		C178CD8625227A720007CB77 /* SentMessageCell.swift */ = {isa = PBXFileReference; lastKnownFileType = sourcecode.swift; path = SentMessageCell.swift; sourceTree = "<group>"; };
		C178CD8825227A990007CB77 /* ReceivedMessageCell.swift */ = {isa = PBXFileReference; lastKnownFileType = sourcecode.swift; path = ReceivedMessageCell.swift; sourceTree = "<group>"; };
		C18099392548B91E00EB58BA /* MessageDB+CoreDataClass.swift */ = {isa = PBXFileReference; lastKnownFileType = sourcecode.swift; path = "MessageDB+CoreDataClass.swift"; sourceTree = "<group>"; };
		C180993A2548B91E00EB58BA /* MessageDB+CoreDataProperties.swift */ = {isa = PBXFileReference; lastKnownFileType = sourcecode.swift; path = "MessageDB+CoreDataProperties.swift"; sourceTree = "<group>"; };
		C180993D2548B94700EB58BA /* ChannelDB+CoreDataClass.swift */ = {isa = PBXFileReference; lastKnownFileType = sourcecode.swift; path = "ChannelDB+CoreDataClass.swift"; sourceTree = "<group>"; };
		C180993E2548B94700EB58BA /* ChannelDB+CoreDataProperties.swift */ = {isa = PBXFileReference; lastKnownFileType = sourcecode.swift; path = "ChannelDB+CoreDataProperties.swift"; sourceTree = "<group>"; };
		C180996D2559257C00EB58BA /* RootAssembly.swift */ = {isa = PBXFileReference; lastKnownFileType = sourcecode.swift; path = RootAssembly.swift; sourceTree = "<group>"; };
		C18099742559265B00EB58BA /* PresentationAssembly.swift */ = {isa = PBXFileReference; lastKnownFileType = sourcecode.swift; path = PresentationAssembly.swift; sourceTree = "<group>"; };
		C180997B2559780000EB58BA /* CoreAssembly.swift */ = {isa = PBXFileReference; lastKnownFileType = sourcecode.swift; path = CoreAssembly.swift; sourceTree = "<group>"; };
		C180997F25597C5300EB58BA /* ServiceAssembly.swift */ = {isa = PBXFileReference; lastKnownFileType = sourcecode.swift; path = ServiceAssembly.swift; sourceTree = "<group>"; };
		C1809981255981E700EB58BA /* ChannelsService.swift */ = {isa = PBXFileReference; lastKnownFileType = sourcecode.swift; path = ChannelsService.swift; sourceTree = "<group>"; };
		C1809984255A9D6E00EB58BA /* SaveToFileManager.swift */ = {isa = PBXFileReference; lastKnownFileType = sourcecode.swift; path = SaveToFileManager.swift; sourceTree = "<group>"; };
		C1809988255AC8FB00EB58BA /* MessagesService.swift */ = {isa = PBXFileReference; lastKnownFileType = sourcecode.swift; path = MessagesService.swift; sourceTree = "<group>"; };
		C180998A255AE3B500EB58BA /* HelperFunctions.swift */ = {isa = PBXFileReference; lastKnownFileType = sourcecode.swift; path = HelperFunctions.swift; sourceTree = "<group>"; };
		C1809990255AE79500EB58BA /* FetchManager.swift */ = {isa = PBXFileReference; lastKnownFileType = sourcecode.swift; path = FetchManager.swift; sourceTree = "<group>"; };
		C1809993255B1E9100EB58BA /* ViewController+Navigation.swift */ = {isa = PBXFileReference; lastKnownFileType = sourcecode.swift; path = "ViewController+Navigation.swift"; sourceTree = "<group>"; };
		C1809997255B374800EB58BA /* ConversationList.xib */ = {isa = PBXFileReference; lastKnownFileType = file.xib; path = ConversationList.xib; sourceTree = "<group>"; };
		C1809999255BCC5900EB58BA /* Profile.xib */ = {isa = PBXFileReference; lastKnownFileType = file.xib; path = Profile.xib; sourceTree = "<group>"; };
		C180999B255BCE6900EB58BA /* Themes.xib */ = {isa = PBXFileReference; lastKnownFileType = file.xib; path = Themes.xib; sourceTree = "<group>"; };
		C180999D255BE8D500EB58BA /* ConversationView.swift */ = {isa = PBXFileReference; lastKnownFileType = sourcecode.swift; path = ConversationView.swift; sourceTree = "<group>"; };
		C180999F255BEA9800EB58BA /* Conversation.xib */ = {isa = PBXFileReference; lastKnownFileType = file.xib; path = Conversation.xib; sourceTree = "<group>"; };
		C18099A3255BF48A00EB58BA /* ProfileView.swift */ = {isa = PBXFileReference; lastKnownFileType = sourcecode.swift; path = ProfileView.swift; sourceTree = "<group>"; };
		C18099A5255C0B2A00EB58BA /* ChannelsDataProvider.swift */ = {isa = PBXFileReference; lastKnownFileType = sourcecode.swift; path = ChannelsDataProvider.swift; sourceTree = "<group>"; };
		C18099A8255C102A00EB58BA /* ChannelsFetchedResultsService.swift */ = {isa = PBXFileReference; lastKnownFileType = sourcecode.swift; path = ChannelsFetchedResultsService.swift; sourceTree = "<group>"; };
		C18099AC255D1C8800EB58BA /* MessageDataProvider.swift */ = {isa = PBXFileReference; lastKnownFileType = sourcecode.swift; path = MessageDataProvider.swift; sourceTree = "<group>"; };
		C18099AE255D1DE400EB58BA /* MessagesFetchedResultsService.swift */ = {isa = PBXFileReference; lastKnownFileType = sourcecode.swift; path = MessagesFetchedResultsService.swift; sourceTree = "<group>"; };
		C1969612251947E30077BDE8 /* User.swift */ = {isa = PBXFileReference; lastKnownFileType = sourcecode.swift; path = User.swift; sourceTree = "<group>"; };
		C196961B2519CA970077BDE8 /* AlertService.swift */ = {isa = PBXFileReference; lastKnownFileType = sourcecode.swift; path = AlertService.swift; sourceTree = "<group>"; };
		C19696A8251FDC6E0077BDE8 /* ConversationListViewController.swift */ = {isa = PBXFileReference; lastKnownFileType = sourcecode.swift; path = ConversationListViewController.swift; sourceTree = "<group>"; };
		C19696B0252068650077BDE8 /* ConversationCell.swift */ = {isa = PBXFileReference; lastKnownFileType = sourcecode.swift; path = ConversationCell.swift; sourceTree = "<group>"; };
		C19696B3252069A30077BDE8 /* AvatarView.swift */ = {isa = PBXFileReference; lastKnownFileType = sourcecode.swift; path = AvatarView.swift; sourceTree = "<group>"; };
		C19A384325232D7600642E58 /* Constants.swift */ = {isa = PBXFileReference; lastKnownFileType = sourcecode.swift; path = Constants.swift; sourceTree = "<group>"; };
		C19A384B252736A600642E58 /* ThemesViewController.swift */ = {isa = PBXFileReference; lastKnownFileType = sourcecode.swift; path = ThemesViewController.swift; sourceTree = "<group>"; };
		C19A384E252737B700642E58 /* Colors.swift */ = {isa = PBXFileReference; lastKnownFileType = sourcecode.swift; path = Colors.swift; sourceTree = "<group>"; };
		C19A3851252738E200642E58 /* ThemeService.swift */ = {isa = PBXFileReference; lastKnownFileType = sourcecode.swift; path = ThemeService.swift; sourceTree = "<group>"; };
		C1CD1DB2250C02CC00568705 /* TinkoffFintech.app */ = {isa = PBXFileReference; explicitFileType = wrapper.application; includeInIndex = 0; path = TinkoffFintech.app; sourceTree = BUILT_PRODUCTS_DIR; };
		C1CD1DB5250C02CC00568705 /* AppDelegate.swift */ = {isa = PBXFileReference; lastKnownFileType = sourcecode.swift; path = AppDelegate.swift; sourceTree = "<group>"; };
		C1CD1DB9250C02CC00568705 /* ProfileViewController.swift */ = {isa = PBXFileReference; lastKnownFileType = sourcecode.swift; path = ProfileViewController.swift; sourceTree = "<group>"; };
		C1CD1DBE250C02CF00568705 /* Assets.xcassets */ = {isa = PBXFileReference; lastKnownFileType = folder.assetcatalog; path = Assets.xcassets; sourceTree = "<group>"; };
		C1CD1DC1250C02CF00568705 /* Base */ = {isa = PBXFileReference; lastKnownFileType = file.storyboard; name = Base; path = Base.lproj/LaunchScreen.storyboard; sourceTree = "<group>"; };
		C1CD1DC3250C02CF00568705 /* Info.plist */ = {isa = PBXFileReference; lastKnownFileType = text.plist.xml; path = Info.plist; sourceTree = "<group>"; };
		C1FA159C252C644300CE86E7 /* MessageCellModel.swift */ = {isa = PBXFileReference; lastKnownFileType = sourcecode.swift; path = MessageCellModel.swift; sourceTree = "<group>"; };
		C1FA159E252C649600CE86E7 /* ConversationCellModel.swift */ = {isa = PBXFileReference; lastKnownFileType = sourcecode.swift; path = ConversationCellModel.swift; sourceTree = "<group>"; };
		C1FA15A32533201500CE86E7 /* GCDFileService.swift */ = {isa = PBXFileReference; lastKnownFileType = sourcecode.swift; path = GCDFileService.swift; sourceTree = "<group>"; };
		C1FA15A52535B87D00CE86E7 /* OperationFileService.swift */ = {isa = PBXFileReference; lastKnownFileType = sourcecode.swift; path = OperationFileService.swift; sourceTree = "<group>"; };
		C1FA15A725375C0900CE86E7 /* SaveOperation.swift */ = {isa = PBXFileReference; lastKnownFileType = sourcecode.swift; path = SaveOperation.swift; sourceTree = "<group>"; };
		C1FA15A92537628300CE86E7 /* LoadOperation.swift */ = {isa = PBXFileReference; lastKnownFileType = sourcecode.swift; path = LoadOperation.swift; sourceTree = "<group>"; };
		C1FA15CE2539C15D00CE86E7 /* GoogleService-Info.plist */ = {isa = PBXFileReference; fileEncoding = 4; lastKnownFileType = text.plist.xml; path = "GoogleService-Info.plist"; sourceTree = "<group>"; };
		C1FA15D02539C32100CE86E7 /* FirebaseManager.swift */ = {isa = PBXFileReference; lastKnownFileType = sourcecode.swift; path = FirebaseManager.swift; sourceTree = "<group>"; };
		C1FA15D2253B151F00CE86E7 /* CustomTextField.swift */ = {isa = PBXFileReference; lastKnownFileType = sourcecode.swift; path = CustomTextField.swift; sourceTree = "<group>"; };
		C1FA15DC25486A1400CE86E7 /* Chat.xcdatamodel */ = {isa = PBXFileReference; lastKnownFileType = wrapper.xcdatamodel; path = Chat.xcdatamodel; sourceTree = "<group>"; };
		C1FA15DE25486BE700CE86E7 /* CoreDataManager.swift */ = {isa = PBXFileReference; lastKnownFileType = sourcecode.swift; path = CoreDataManager.swift; sourceTree = "<group>"; };
		C549AE28D92C62E82590EA63 /* Pods_TinkoffFintech.framework */ = {isa = PBXFileReference; explicitFileType = wrapper.framework; includeInIndex = 0; path = Pods_TinkoffFintech.framework; sourceTree = BUILT_PRODUCTS_DIR; };
		CF2E8AA83672EDDA7FC14BCF /* Pods-TinkoffFintech.release.xcconfig */ = {isa = PBXFileReference; includeInIndex = 1; lastKnownFileType = text.xcconfig; name = "Pods-TinkoffFintech.release.xcconfig"; path = "Target Support Files/Pods-TinkoffFintech/Pods-TinkoffFintech.release.xcconfig"; sourceTree = "<group>"; };
/* End PBXFileReference section */

/* Begin PBXFrameworksBuildPhase section */
		C1CD1DAF250C02CC00568705 /* Frameworks */ = {
			isa = PBXFrameworksBuildPhase;
			buildActionMask = 2147483647;
			files = (
				F3958D301D7ACA676178EA57 /* Pods_TinkoffFintech.framework in Frameworks */,
			);
			runOnlyForDeploymentPostprocessing = 0;
		};
/* End PBXFrameworksBuildPhase section */

/* Begin PBXGroup section */
		38C40EEB26C815C589E3BBA0 /* Frameworks */ = {
			isa = PBXGroup;
			children = (
				C549AE28D92C62E82590EA63 /* Pods_TinkoffFintech.framework */,
			);
			name = Frameworks;
			sourceTree = "<group>";
		};
		C178CD7C25226F050007CB77 /* Conversation */ = {
			isa = PBXGroup;
			children = (
				C178CD7F2522701A0007CB77 /* Model */,
				C178CD7E2522700F0007CB77 /* View */,
				C178CD7D252270080007CB77 /* Controller */,
			);
			path = Conversation;
			sourceTree = "<group>";
		};
		C178CD7D252270080007CB77 /* Controller */ = {
			isa = PBXGroup;
			children = (
				C178CD82252270C80007CB77 /* ConversationViewController.swift */,
				C178CD8625227A720007CB77 /* SentMessageCell.swift */,
				C178CD8825227A990007CB77 /* ReceivedMessageCell.swift */,
			);
			path = Controller;
			sourceTree = "<group>";
		};
		C178CD7E2522700F0007CB77 /* View */ = {
			isa = PBXGroup;
			children = (
				C180999D255BE8D500EB58BA /* ConversationView.swift */,
				C180999F255BEA9800EB58BA /* Conversation.xib */,
			);
			path = View;
			sourceTree = "<group>";
		};
		C178CD7F2522701A0007CB77 /* Model */ = {
			isa = PBXGroup;
			children = (
				C1FA159C252C644300CE86E7 /* MessageCellModel.swift */,
			);
			path = Model;
			sourceTree = "<group>";
		};
		C180996F255925B000EB58BA /* PresentationLayer */ = {
			isa = PBXGroup;
			children = (
				C18099722559262200EB58BA /* Assembly */,
				C18099732559263000EB58BA /* Modules */,
			);
			path = PresentationLayer;
			sourceTree = "<group>";
		};
		C1809970255925D800EB58BA /* ServiceLayer */ = {
			isa = PBXGroup;
			children = (
				C180997D25597BFB00EB58BA /* Assembly */,
				C180997E25597C2A00EB58BA /* Services */,
			);
			path = ServiceLayer;
			sourceTree = "<group>";
		};
		C1809971255925F200EB58BA /* CoreLayer */ = {
			isa = PBXGroup;
			children = (
				C1809979255976C700EB58BA /* Assembly */,
				C180998C255AE4E700EB58BA /* Models */,
				C1809983255A9CFB00EB58BA /* Managers */,
			);
			path = CoreLayer;
			sourceTree = "<group>";
		};
		C18099722559262200EB58BA /* Assembly */ = {
			isa = PBXGroup;
			children = (
				C18099742559265B00EB58BA /* PresentationAssembly.swift */,
			);
			path = Assembly;
			sourceTree = "<group>";
		};
		C18099732559263000EB58BA /* Modules */ = {
			isa = PBXGroup;
			children = (
				C19696A2251FD7920077BDE8 /* ConversationList */,
				C178CD7C25226F050007CB77 /* Conversation */,
				C19696A1251FD7310077BDE8 /* Profile */,
				C19A38472527364300642E58 /* Themes */,
			);
			path = Modules;
			sourceTree = "<group>";
		};
		C1809979255976C700EB58BA /* Assembly */ = {
			isa = PBXGroup;
			children = (
				C180997B2559780000EB58BA /* CoreAssembly.swift */,
			);
			path = Assembly;
			sourceTree = "<group>";
		};
		C180997A2559770100EB58BA /* SaveToFileService */ = {
			isa = PBXGroup;
			children = (
				C1FA15A32533201500CE86E7 /* GCDFileService.swift */,
				C1FA15A52535B87D00CE86E7 /* OperationFileService.swift */,
				C1FA15A725375C0900CE86E7 /* SaveOperation.swift */,
				C1FA15A92537628300CE86E7 /* LoadOperation.swift */,
			);
			path = SaveToFileService;
			sourceTree = "<group>";
		};
		C180997D25597BFB00EB58BA /* Assembly */ = {
			isa = PBXGroup;
			children = (
				C180997F25597C5300EB58BA /* ServiceAssembly.swift */,
			);
			path = Assembly;
			sourceTree = "<group>";
		};
		C180997E25597C2A00EB58BA /* Services */ = {
			isa = PBXGroup;
			children = (
				C196961B2519CA970077BDE8 /* AlertService.swift */,
				C18099AA255C1C7400EB58BA /* ChannelsService */,
				C18099AB255D1AE900EB58BA /* MessageService */,
				C180997A2559770100EB58BA /* SaveToFileService */,
				C19A3851252738E200642E58 /* ThemeService.swift */,
			);
			path = Services;
			sourceTree = "<group>";
		};
		C1809983255A9CFB00EB58BA /* Managers */ = {
			isa = PBXGroup;
			children = (
				C1809984255A9D6E00EB58BA /* SaveToFileManager.swift */,
				C1FA15D02539C32100CE86E7 /* FirebaseManager.swift */,
				C1FA15DE25486BE700CE86E7 /* CoreDataManager.swift */,
				C1809990255AE79500EB58BA /* FetchManager.swift */,
			);
			path = Managers;
			sourceTree = "<group>";
		};
		C180998C255AE4E700EB58BA /* Models */ = {
			isa = PBXGroup;
			children = (
				C180998F255AE51600EB58BA /* ChannelDB */,
				C180998D255AE4F600EB58BA /* MessageDB */,
			);
			path = Models;
			sourceTree = "<group>";
		};
		C180998D255AE4F600EB58BA /* MessageDB */ = {
			isa = PBXGroup;
			children = (
				C18099392548B91E00EB58BA /* MessageDB+CoreDataClass.swift */,
				C180993A2548B91E00EB58BA /* MessageDB+CoreDataProperties.swift */,
			);
			path = MessageDB;
			sourceTree = "<group>";
		};
		C180998F255AE51600EB58BA /* ChannelDB */ = {
			isa = PBXGroup;
			children = (
				C180993D2548B94700EB58BA /* ChannelDB+CoreDataClass.swift */,
				C180993E2548B94700EB58BA /* ChannelDB+CoreDataProperties.swift */,
			);
			path = ChannelDB;
			sourceTree = "<group>";
		};
		C1809992255B102500EB58BA /* Controller */ = {
			isa = PBXGroup;
			children = (
				C19A384B252736A600642E58 /* ThemesViewController.swift */,
			);
			path = Controller;
			sourceTree = "<group>";
		};
		C18099AA255C1C7400EB58BA /* ChannelsService */ = {
			isa = PBXGroup;
			children = (
				C1809981255981E700EB58BA /* ChannelsService.swift */,
				C18099A5255C0B2A00EB58BA /* ChannelsDataProvider.swift */,
				C18099A8255C102A00EB58BA /* ChannelsFetchedResultsService.swift */,
			);
			path = ChannelsService;
			sourceTree = "<group>";
		};
		C18099AB255D1AE900EB58BA /* MessageService */ = {
			isa = PBXGroup;
			children = (
				C1809988255AC8FB00EB58BA /* MessagesService.swift */,
				C18099AC255D1C8800EB58BA /* MessageDataProvider.swift */,
				C18099AE255D1DE400EB58BA /* MessagesFetchedResultsService.swift */,
			);
			path = MessageService;
			sourceTree = "<group>";
		};
		C196961625194F050077BDE8 /* Resources */ = {
			isa = PBXGroup;
			children = (
				C1CD1DC0250C02CF00568705 /* LaunchScreen.storyboard */,
				C1CD1DBE250C02CF00568705 /* Assets.xcassets */,
				C1CD1DC3250C02CF00568705 /* Info.plist */,
				C1FA15CE2539C15D00CE86E7 /* GoogleService-Info.plist */,
				C1FA15DB25486A1400CE86E7 /* Chat.xcdatamodeld */,
			);
			path = Resources;
			sourceTree = "<group>";
		};
		C19696172519CA320077BDE8 /* Controller */ = {
			isa = PBXGroup;
			children = (
				C1CD1DB9250C02CC00568705 /* ProfileViewController.swift */,
			);
			path = Controller;
			sourceTree = "<group>";
		};
		C19696182519CA3D0077BDE8 /* View */ = {
			isa = PBXGroup;
			children = (
				C1809999255BCC5900EB58BA /* Profile.xib */,
				C18099A3255BF48A00EB58BA /* ProfileView.swift */,
			);
			path = View;
			sourceTree = "<group>";
		};
		C19696192519CA450077BDE8 /* Model */ = {
			isa = PBXGroup;
			children = (
				C1969612251947E30077BDE8 /* User.swift */,
			);
			path = Model;
			sourceTree = "<group>";
		};
		C19696A1251FD7310077BDE8 /* Profile */ = {
			isa = PBXGroup;
			children = (
				C19696192519CA450077BDE8 /* Model */,
				C19696182519CA3D0077BDE8 /* View */,
				C19696172519CA320077BDE8 /* Controller */,
			);
			path = Profile;
			sourceTree = "<group>";
		};
		C19696A2251FD7920077BDE8 /* ConversationList */ = {
			isa = PBXGroup;
			children = (
				C19696A5251FD7B10077BDE8 /* Model */,
				C19696A3251FD7A00077BDE8 /* View */,
				C19696A4251FD7A70077BDE8 /* Controller */,
			);
			path = ConversationList;
			sourceTree = "<group>";
		};
		C19696A3251FD7A00077BDE8 /* View */ = {
			isa = PBXGroup;
			children = (
				C1809997255B374800EB58BA /* ConversationList.xib */,
			);
			path = View;
			sourceTree = "<group>";
		};
		C19696A4251FD7A70077BDE8 /* Controller */ = {
			isa = PBXGroup;
			children = (
				C19696A8251FDC6E0077BDE8 /* ConversationListViewController.swift */,
				C19696B0252068650077BDE8 /* ConversationCell.swift */,
			);
			path = Controller;
			sourceTree = "<group>";
		};
		C19696A5251FD7B10077BDE8 /* Model */ = {
			isa = PBXGroup;
			children = (
				C1FA159E252C649600CE86E7 /* ConversationCellModel.swift */,
			);
			path = Model;
			sourceTree = "<group>";
		};
		C19696B2252069790077BDE8 /* Helpers */ = {
			isa = PBXGroup;
			children = (
				C19A384325232D7600642E58 /* Constants.swift */,
				C19696B3252069A30077BDE8 /* AvatarView.swift */,
				C1FA15D2253B151F00CE86E7 /* CustomTextField.swift */,
				C180998A255AE3B500EB58BA /* HelperFunctions.swift */,
				C1809993255B1E9100EB58BA /* ViewController+Navigation.swift */,
			);
			path = Helpers;
			sourceTree = "<group>";
		};
		C19A38472527364300642E58 /* Themes */ = {
			isa = PBXGroup;
			children = (
				C19A384D2527378E00642E58 /* Model */,
				C19A38482527366700642E58 /* VIew */,
				C1809992255B102500EB58BA /* Controller */,
			);
			path = Themes;
			sourceTree = "<group>";
		};
		C19A38482527366700642E58 /* VIew */ = {
			isa = PBXGroup;
			children = (
				C180999B255BCE6900EB58BA /* Themes.xib */,
			);
			path = VIew;
			sourceTree = "<group>";
		};
		C19A384D2527378E00642E58 /* Model */ = {
			isa = PBXGroup;
			children = (
				C19A384E252737B700642E58 /* Colors.swift */,
			);
			path = Model;
			sourceTree = "<group>";
		};
		C1CD1DA9250C02CC00568705 = {
			isa = PBXGroup;
			children = (
				C1CD1DB4250C02CC00568705 /* TinkoffFintech */,
				C1CD1DB3250C02CC00568705 /* Products */,
				D1E68D3D7D72E4A6A90D3B0C /* Pods */,
				38C40EEB26C815C589E3BBA0 /* Frameworks */,
			);
			sourceTree = "<group>";
		};
		C1CD1DB3250C02CC00568705 /* Products */ = {
			isa = PBXGroup;
			children = (
				C1CD1DB2250C02CC00568705 /* TinkoffFintech.app */,
			);
			name = Products;
			sourceTree = "<group>";
		};
		C1CD1DB4250C02CC00568705 /* TinkoffFintech */ = {
			isa = PBXGroup;
			children = (
				C1CD1DB5250C02CC00568705 /* AppDelegate.swift */,
				C180996D2559257C00EB58BA /* RootAssembly.swift */,
				C180996F255925B000EB58BA /* PresentationLayer */,
				C1809970255925D800EB58BA /* ServiceLayer */,
				C1809971255925F200EB58BA /* CoreLayer */,
				C19696B2252069790077BDE8 /* Helpers */,
				C196961625194F050077BDE8 /* Resources */,
			);
			path = TinkoffFintech;
			sourceTree = "<group>";
		};
		D1E68D3D7D72E4A6A90D3B0C /* Pods */ = {
			isa = PBXGroup;
			children = (
				8DCB0DA080AFCAC6803886B7 /* Pods-TinkoffFintech.debug.xcconfig */,
				CF2E8AA83672EDDA7FC14BCF /* Pods-TinkoffFintech.release.xcconfig */,
			);
			path = Pods;
			sourceTree = "<group>";
		};
/* End PBXGroup section */

/* Begin PBXNativeTarget section */
		C1CD1DB1250C02CC00568705 /* TinkoffFintech */ = {
			isa = PBXNativeTarget;
			buildConfigurationList = C1CD1DC6250C02CF00568705 /* Build configuration list for PBXNativeTarget "TinkoffFintech" */;
			buildPhases = (
				52EB6FA898E572850748EA26 /* [CP] Check Pods Manifest.lock */,
				C1CD1DAE250C02CC00568705 /* Sources */,
				C1CD1DAF250C02CC00568705 /* Frameworks */,
				C1CD1DB0250C02CC00568705 /* Resources */,
				C1FA15CD2539B62F00CE86E7 /* ShellScript */,
				2C433613BC2092F275E354EB /* [CP] Embed Pods Frameworks */,
			);
			buildRules = (
			);
			dependencies = (
			);
			name = TinkoffFintech;
			productName = TinkoffFintech;
			productReference = C1CD1DB2250C02CC00568705 /* TinkoffFintech.app */;
			productType = "com.apple.product-type.application";
		};
/* End PBXNativeTarget section */

/* Begin PBXProject section */
		C1CD1DAA250C02CC00568705 /* Project object */ = {
			isa = PBXProject;
			attributes = {
				LastSwiftUpdateCheck = 1170;
				LastUpgradeCheck = 1170;
				ORGANIZATIONNAME = "Anna Vondrukhova";
				TargetAttributes = {
					C1CD1DB1250C02CC00568705 = {
						CreatedOnToolsVersion = 11.7;
					};
				};
			};
			buildConfigurationList = C1CD1DAD250C02CC00568705 /* Build configuration list for PBXProject "TinkoffFintech" */;
			compatibilityVersion = "Xcode 9.3";
			developmentRegion = en;
			hasScannedForEncodings = 0;
			knownRegions = (
				en,
				Base,
			);
			mainGroup = C1CD1DA9250C02CC00568705;
			productRefGroup = C1CD1DB3250C02CC00568705 /* Products */;
			projectDirPath = "";
			projectRoot = "";
			targets = (
				C1CD1DB1250C02CC00568705 /* TinkoffFintech */,
			);
		};
/* End PBXProject section */

/* Begin PBXResourcesBuildPhase section */
		C1CD1DB0250C02CC00568705 /* Resources */ = {
			isa = PBXResourcesBuildPhase;
			buildActionMask = 2147483647;
			files = (
				C1CD1DC2250C02CF00568705 /* LaunchScreen.storyboard in Resources */,
				C180999C255BCE6900EB58BA /* Themes.xib in Resources */,
				C1CD1DBF250C02CF00568705 /* Assets.xcassets in Resources */,
				C18099A0255BEA9800EB58BA /* Conversation.xib in Resources */,
				C1809998255B374800EB58BA /* ConversationList.xib in Resources */,
				C180999A255BCC5900EB58BA /* Profile.xib in Resources */,
				C1FA15CF2539C15D00CE86E7 /* GoogleService-Info.plist in Resources */,
			);
			runOnlyForDeploymentPostprocessing = 0;
		};
/* End PBXResourcesBuildPhase section */

/* Begin PBXShellScriptBuildPhase section */
		2C433613BC2092F275E354EB /* [CP] Embed Pods Frameworks */ = {
			isa = PBXShellScriptBuildPhase;
			buildActionMask = 2147483647;
			files = (
			);
			inputFileListPaths = (
				"${PODS_ROOT}/Target Support Files/Pods-TinkoffFintech/Pods-TinkoffFintech-frameworks-${CONFIGURATION}-input-files.xcfilelist",
			);
			name = "[CP] Embed Pods Frameworks";
			outputFileListPaths = (
				"${PODS_ROOT}/Target Support Files/Pods-TinkoffFintech/Pods-TinkoffFintech-frameworks-${CONFIGURATION}-output-files.xcfilelist",
			);
			runOnlyForDeploymentPostprocessing = 0;
			shellPath = /bin/sh;
			shellScript = "\"${PODS_ROOT}/Target Support Files/Pods-TinkoffFintech/Pods-TinkoffFintech-frameworks.sh\"\n";
			showEnvVarsInLog = 0;
		};
		52EB6FA898E572850748EA26 /* [CP] Check Pods Manifest.lock */ = {
			isa = PBXShellScriptBuildPhase;
			buildActionMask = 2147483647;
			files = (
			);
			inputFileListPaths = (
			);
			inputPaths = (
				"${PODS_PODFILE_DIR_PATH}/Podfile.lock",
				"${PODS_ROOT}/Manifest.lock",
			);
			name = "[CP] Check Pods Manifest.lock";
			outputFileListPaths = (
			);
			outputPaths = (
				"$(DERIVED_FILE_DIR)/Pods-TinkoffFintech-checkManifestLockResult.txt",
			);
			runOnlyForDeploymentPostprocessing = 0;
			shellPath = /bin/sh;
			shellScript = "diff \"${PODS_PODFILE_DIR_PATH}/Podfile.lock\" \"${PODS_ROOT}/Manifest.lock\" > /dev/null\nif [ $? != 0 ] ; then\n    # print error to STDERR\n    echo \"error: The sandbox is not in sync with the Podfile.lock. Run 'pod install' or update your CocoaPods installation.\" >&2\n    exit 1\nfi\n# This output is used by Xcode 'outputs' to avoid re-running this script phase.\necho \"SUCCESS\" > \"${SCRIPT_OUTPUT_FILE_0}\"\n";
			showEnvVarsInLog = 0;
		};
		C1FA15CD2539B62F00CE86E7 /* ShellScript */ = {
			isa = PBXShellScriptBuildPhase;
			buildActionMask = 2147483647;
			files = (
			);
			inputFileListPaths = (
			);
			inputPaths = (
			);
			outputFileListPaths = (
			);
			outputPaths = (
			);
			runOnlyForDeploymentPostprocessing = 0;
			shellPath = /bin/sh;
			shellScript = "\"${PODS_ROOT}/SwiftLint/swiftlint\"\n";
		};
/* End PBXShellScriptBuildPhase section */

/* Begin PBXSourcesBuildPhase section */
		C1CD1DAE250C02CC00568705 /* Sources */ = {
			isa = PBXSourcesBuildPhase;
			buildActionMask = 2147483647;
			files = (
				C178CD8925227A990007CB77 /* ReceivedMessageCell.swift in Sources */,
				C19A384F252737B700642E58 /* Colors.swift in Sources */,
				C19A384C252736A600642E58 /* ThemesViewController.swift in Sources */,
				C1CD1DBA250C02CC00568705 /* ProfileViewController.swift in Sources */,
				C1FA15AA2537628300CE86E7 /* LoadOperation.swift in Sources */,
				C180993F2548B94700EB58BA /* ChannelDB+CoreDataClass.swift in Sources */,
				C178CD83252270C80007CB77 /* ConversationViewController.swift in Sources */,
				C1FA15DF25486BE700CE86E7 /* CoreDataManager.swift in Sources */,
				C1CD1DB6250C02CC00568705 /* AppDelegate.swift in Sources */,
				C180996E2559257C00EB58BA /* RootAssembly.swift in Sources */,
				C1FA15D3253B151F00CE86E7 /* CustomTextField.swift in Sources */,
				C1FA15DD25486A1400CE86E7 /* Chat.xcdatamodeld in Sources */,
				C18099AF255D1DE400EB58BA /* MessagesFetchedResultsService.swift in Sources */,
				C1FA159D252C644300CE86E7 /* MessageCellModel.swift in Sources */,
				C1FA159F252C649600CE86E7 /* ConversationCellModel.swift in Sources */,
				C180993C2548B91E00EB58BA /* MessageDB+CoreDataProperties.swift in Sources */,
				C19696B4252069A30077BDE8 /* AvatarView.swift in Sources */,
				C180993B2548B91E00EB58BA /* MessageDB+CoreDataClass.swift in Sources */,
				C180999E255BE8D500EB58BA /* ConversationView.swift in Sources */,
				C19A384425232D7600642E58 /* Constants.swift in Sources */,
				C196961C2519CA970077BDE8 /* AlertService.swift in Sources */,
				C18099402548B94700EB58BA /* ChannelDB+CoreDataProperties.swift in Sources */,
				C1969613251947E30077BDE8 /* User.swift in Sources */,
				C180998025597C5300EB58BA /* ServiceAssembly.swift in Sources */,
				C18099A9255C102A00EB58BA /* ChannelsFetchedResultsService.swift in Sources */,
				C18099AD255D1C8800EB58BA /* MessageDataProvider.swift in Sources */,
				C19696A9251FDC6E0077BDE8 /* ConversationListViewController.swift in Sources */,
				C1809985255A9D6E00EB58BA /* SaveToFileManager.swift in Sources */,
				C178CD8725227A720007CB77 /* SentMessageCell.swift in Sources */,
				C1809991255AE79500EB58BA /* FetchManager.swift in Sources */,
				C19A3852252738E200642E58 /* ThemeService.swift in Sources */,
				C1FA15D12539C32100CE86E7 /* FirebaseManager.swift in Sources */,
				C1FA15A62535B87D00CE86E7 /* OperationFileService.swift in Sources */,
				C180998B255AE3B500EB58BA /* HelperFunctions.swift in Sources */,
				C19696B1252068650077BDE8 /* ConversationCell.swift in Sources */,
				C18099A4255BF48A00EB58BA /* ProfileView.swift in Sources */,
				C1809989255AC8FB00EB58BA /* MessagesService.swift in Sources */,
				C1809982255981E700EB58BA /* ChannelsService.swift in Sources */,
				C1FA15A42533201500CE86E7 /* GCDFileService.swift in Sources */,
				C18099752559265B00EB58BA /* PresentationAssembly.swift in Sources */,
				C18099A6255C0B2A00EB58BA /* ChannelsDataProvider.swift in Sources */,
				C1FA15A825375C0900CE86E7 /* SaveOperation.swift in Sources */,
				C180997C2559780000EB58BA /* CoreAssembly.swift in Sources */,
				C1809994255B1E9100EB58BA /* ViewController+Navigation.swift in Sources */,
			);
			runOnlyForDeploymentPostprocessing = 0;
		};
/* End PBXSourcesBuildPhase section */

/* Begin PBXVariantGroup section */
		C1CD1DC0250C02CF00568705 /* LaunchScreen.storyboard */ = {
			isa = PBXVariantGroup;
			children = (
				C1CD1DC1250C02CF00568705 /* Base */,
			);
			name = LaunchScreen.storyboard;
			sourceTree = "<group>";
		};
/* End PBXVariantGroup section */

/* Begin XCBuildConfiguration section */
		C1CD1DC4250C02CF00568705 /* Debug */ = {
			isa = XCBuildConfiguration;
			buildSettings = {
				ALWAYS_SEARCH_USER_PATHS = NO;
				CLANG_ANALYZER_NONNULL = YES;
				CLANG_ANALYZER_NUMBER_OBJECT_CONVERSION = YES_AGGRESSIVE;
				CLANG_CXX_LANGUAGE_STANDARD = "gnu++14";
				CLANG_CXX_LIBRARY = "libc++";
				CLANG_ENABLE_MODULES = YES;
				CLANG_ENABLE_OBJC_ARC = YES;
				CLANG_ENABLE_OBJC_WEAK = YES;
				CLANG_WARN_BLOCK_CAPTURE_AUTORELEASING = YES;
				CLANG_WARN_BOOL_CONVERSION = YES;
				CLANG_WARN_COMMA = YES;
				CLANG_WARN_CONSTANT_CONVERSION = YES;
				CLANG_WARN_DEPRECATED_OBJC_IMPLEMENTATIONS = YES;
				CLANG_WARN_DIRECT_OBJC_ISA_USAGE = YES_ERROR;
				CLANG_WARN_DOCUMENTATION_COMMENTS = YES;
				CLANG_WARN_EMPTY_BODY = YES;
				CLANG_WARN_ENUM_CONVERSION = YES;
				CLANG_WARN_INFINITE_RECURSION = YES;
				CLANG_WARN_INT_CONVERSION = YES;
				CLANG_WARN_NON_LITERAL_NULL_CONVERSION = YES;
				CLANG_WARN_OBJC_IMPLICIT_RETAIN_SELF = YES;
				CLANG_WARN_OBJC_LITERAL_CONVERSION = YES;
				CLANG_WARN_OBJC_ROOT_CLASS = YES_ERROR;
				CLANG_WARN_RANGE_LOOP_ANALYSIS = YES;
				CLANG_WARN_STRICT_PROTOTYPES = YES;
				CLANG_WARN_SUSPICIOUS_MOVE = YES;
				CLANG_WARN_UNGUARDED_AVAILABILITY = YES_AGGRESSIVE;
				CLANG_WARN_UNREACHABLE_CODE = YES;
				CLANG_WARN__DUPLICATE_METHOD_MATCH = YES;
				COPY_PHASE_STRIP = NO;
				DEBUG_INFORMATION_FORMAT = dwarf;
				ENABLE_STRICT_OBJC_MSGSEND = YES;
				ENABLE_TESTABILITY = YES;
				GCC_C_LANGUAGE_STANDARD = gnu11;
				GCC_DYNAMIC_NO_PIC = NO;
				GCC_NO_COMMON_BLOCKS = YES;
				GCC_OPTIMIZATION_LEVEL = 0;
				GCC_PREPROCESSOR_DEFINITIONS = (
					"DEBUG=1",
					"$(inherited)",
				);
				GCC_WARN_64_TO_32_BIT_CONVERSION = YES;
				GCC_WARN_ABOUT_RETURN_TYPE = YES_ERROR;
				GCC_WARN_UNDECLARED_SELECTOR = YES;
				GCC_WARN_UNINITIALIZED_AUTOS = YES_AGGRESSIVE;
				GCC_WARN_UNUSED_FUNCTION = YES;
				GCC_WARN_UNUSED_VARIABLE = YES;
				IPHONEOS_DEPLOYMENT_TARGET = 12.0;
				MTL_ENABLE_DEBUG_INFO = INCLUDE_SOURCE;
				MTL_FAST_MATH = YES;
				ONLY_ACTIVE_ARCH = YES;
				SDKROOT = iphoneos;
				SWIFT_ACTIVE_COMPILATION_CONDITIONS = DEBUG;
				SWIFT_OPTIMIZATION_LEVEL = "-Onone";
			};
			name = Debug;
		};
		C1CD1DC5250C02CF00568705 /* Release */ = {
			isa = XCBuildConfiguration;
			buildSettings = {
				ALWAYS_SEARCH_USER_PATHS = NO;
				CLANG_ANALYZER_NONNULL = YES;
				CLANG_ANALYZER_NUMBER_OBJECT_CONVERSION = YES_AGGRESSIVE;
				CLANG_CXX_LANGUAGE_STANDARD = "gnu++14";
				CLANG_CXX_LIBRARY = "libc++";
				CLANG_ENABLE_MODULES = YES;
				CLANG_ENABLE_OBJC_ARC = YES;
				CLANG_ENABLE_OBJC_WEAK = YES;
				CLANG_WARN_BLOCK_CAPTURE_AUTORELEASING = YES;
				CLANG_WARN_BOOL_CONVERSION = YES;
				CLANG_WARN_COMMA = YES;
				CLANG_WARN_CONSTANT_CONVERSION = YES;
				CLANG_WARN_DEPRECATED_OBJC_IMPLEMENTATIONS = YES;
				CLANG_WARN_DIRECT_OBJC_ISA_USAGE = YES_ERROR;
				CLANG_WARN_DOCUMENTATION_COMMENTS = YES;
				CLANG_WARN_EMPTY_BODY = YES;
				CLANG_WARN_ENUM_CONVERSION = YES;
				CLANG_WARN_INFINITE_RECURSION = YES;
				CLANG_WARN_INT_CONVERSION = YES;
				CLANG_WARN_NON_LITERAL_NULL_CONVERSION = YES;
				CLANG_WARN_OBJC_IMPLICIT_RETAIN_SELF = YES;
				CLANG_WARN_OBJC_LITERAL_CONVERSION = YES;
				CLANG_WARN_OBJC_ROOT_CLASS = YES_ERROR;
				CLANG_WARN_RANGE_LOOP_ANALYSIS = YES;
				CLANG_WARN_STRICT_PROTOTYPES = YES;
				CLANG_WARN_SUSPICIOUS_MOVE = YES;
				CLANG_WARN_UNGUARDED_AVAILABILITY = YES_AGGRESSIVE;
				CLANG_WARN_UNREACHABLE_CODE = YES;
				CLANG_WARN__DUPLICATE_METHOD_MATCH = YES;
				COPY_PHASE_STRIP = NO;
				DEBUG_INFORMATION_FORMAT = "dwarf-with-dsym";
				ENABLE_NS_ASSERTIONS = NO;
				ENABLE_STRICT_OBJC_MSGSEND = YES;
				GCC_C_LANGUAGE_STANDARD = gnu11;
				GCC_NO_COMMON_BLOCKS = YES;
				GCC_WARN_64_TO_32_BIT_CONVERSION = YES;
				GCC_WARN_ABOUT_RETURN_TYPE = YES_ERROR;
				GCC_WARN_UNDECLARED_SELECTOR = YES;
				GCC_WARN_UNINITIALIZED_AUTOS = YES_AGGRESSIVE;
				GCC_WARN_UNUSED_FUNCTION = YES;
				GCC_WARN_UNUSED_VARIABLE = YES;
				IPHONEOS_DEPLOYMENT_TARGET = 12.0;
				MTL_ENABLE_DEBUG_INFO = NO;
				MTL_FAST_MATH = YES;
				SDKROOT = iphoneos;
				SWIFT_COMPILATION_MODE = wholemodule;
				SWIFT_OPTIMIZATION_LEVEL = "-O";
				VALIDATE_PRODUCT = YES;
			};
			name = Release;
		};
		C1CD1DC7250C02CF00568705 /* Debug */ = {
			isa = XCBuildConfiguration;
			baseConfigurationReference = 8DCB0DA080AFCAC6803886B7 /* Pods-TinkoffFintech.debug.xcconfig */;
			buildSettings = {
				ASSETCATALOG_COMPILER_APPICON_NAME = AppIcon;
				CODE_SIGN_STYLE = Automatic;
				DEVELOPMENT_TEAM = LV8EDW43XJ;
				INFOPLIST_FILE = TinkoffFintech/Resources/Info.plist;
				LD_RUNPATH_SEARCH_PATHS = (
					"$(inherited)",
					"@executable_path/Frameworks",
				);
				PRODUCT_BUNDLE_IDENTIFIER = ru.tinkoff.TinkoffChat;
				PRODUCT_NAME = "$(TARGET_NAME)";
				SWIFT_VERSION = 5.0;
				TARGETED_DEVICE_FAMILY = 1;
			};
			name = Debug;
		};
		C1CD1DC8250C02CF00568705 /* Release */ = {
			isa = XCBuildConfiguration;
			baseConfigurationReference = CF2E8AA83672EDDA7FC14BCF /* Pods-TinkoffFintech.release.xcconfig */;
			buildSettings = {
				ASSETCATALOG_COMPILER_APPICON_NAME = AppIcon;
				CODE_SIGN_STYLE = Automatic;
				DEVELOPMENT_TEAM = LV8EDW43XJ;
				INFOPLIST_FILE = TinkoffFintech/Resources/Info.plist;
				LD_RUNPATH_SEARCH_PATHS = (
					"$(inherited)",
					"@executable_path/Frameworks",
				);
				PRODUCT_BUNDLE_IDENTIFIER = ru.tinkoff.TinkoffChat;
				PRODUCT_NAME = "$(TARGET_NAME)";
				SWIFT_VERSION = 5.0;
				TARGETED_DEVICE_FAMILY = 1;
			};
			name = Release;
		};
/* End XCBuildConfiguration section */

/* Begin XCConfigurationList section */
		C1CD1DAD250C02CC00568705 /* Build configuration list for PBXProject "TinkoffFintech" */ = {
			isa = XCConfigurationList;
			buildConfigurations = (
				C1CD1DC4250C02CF00568705 /* Debug */,
				C1CD1DC5250C02CF00568705 /* Release */,
			);
			defaultConfigurationIsVisible = 0;
			defaultConfigurationName = Release;
		};
		C1CD1DC6250C02CF00568705 /* Build configuration list for PBXNativeTarget "TinkoffFintech" */ = {
			isa = XCConfigurationList;
			buildConfigurations = (
				C1CD1DC7250C02CF00568705 /* Debug */,
				C1CD1DC8250C02CF00568705 /* Release */,
			);
			defaultConfigurationIsVisible = 0;
			defaultConfigurationName = Release;
		};
/* End XCConfigurationList section */

/* Begin XCVersionGroup section */
		C1FA15DB25486A1400CE86E7 /* Chat.xcdatamodeld */ = {
			isa = XCVersionGroup;
			children = (
				C1FA15DC25486A1400CE86E7 /* Chat.xcdatamodel */,
			);
			currentVersion = C1FA15DC25486A1400CE86E7 /* Chat.xcdatamodel */;
			path = Chat.xcdatamodeld;
			sourceTree = "<group>";
			versionGroupType = wrapper.xcdatamodel;
		};
/* End XCVersionGroup section */
	};
	rootObject = C1CD1DAA250C02CC00568705 /* Project object */;
}
